
Microsoft Visual Studio Solution File, Format Version 12.00
# Visual Studio 15
Project("{FAE04EC0-301F-11D3-BF4B-00C04F79EFBC}") = "Assembly-CSharp", "Assembly-CSharp.csproj", "{DEA73A57-B96E-17EF-40E6-975EABBBF52D}"
EndProject
Project("{FAE04EC0-301F-11D3-BF4B-00C04F79EFBC}") = "PhotonUnityNetworking.Demos", "PhotonUnityNetworking.Demos.csproj", "{47DBE31B-B1A1-D7E9-3615-BF94BDF902F0}"
EndProject
Project("{FAE04EC0-301F-11D3-BF4B-00C04F79EFBC}") = "PhotonRealtime", "PhotonRealtime.csproj", "{36B4DFE7-F9CA-F594-EB01-55F9CEA9989C}"
EndProject
Project("{FAE04EC0-301F-11D3-BF4B-00C04F79EFBC}") = "PhotonUnityNetworking", "PhotonUnityNetworking.csproj", "{D9563F83-4C08-8A39-654A-7D0DB1513C81}"
EndProject
Project("{FAE04EC0-301F-11D3-BF4B-00C04F79EFBC}") = "PhotonUnityNetworking.Utilities", "PhotonUnityNetworking.Utilities.csproj", "{C175810B-03C3-7A57-C84C-0F826F0772CF}"
EndProject
Project("{FAE04EC0-301F-11D3-BF4B-00C04F79EFBC}") = "PhotonChat", "PhotonChat.csproj", "{19A995A8-B455-7DA6-31FB-3E4145DD2E1A}"
EndProject
Project("{FAE04EC0-301F-11D3-BF4B-00C04F79EFBC}") = "PhotonUnityNetworking.Editor", "PhotonUnityNetworking.Editor.csproj", "{3B78A50A-BBDD-E10E-4D84-991C62D81A21}"
EndProject
Project("{FAE04EC0-301F-11D3-BF4B-00C04F79EFBC}") = "PhotonUnityNetworking.Utilities.PhotonPlayer.Editor", "PhotonUnityNetworking.Utilities.PhotonPlayer.Editor.csproj", "{7D10E135-F6E6-69FC-D035-F692A1005053}"
EndProject
Project("{FAE04EC0-301F-11D3-BF4B-00C04F79EFBC}") = "PunDemos.DemoSlotcarEditor", "PunDemos.DemoSlotcarEditor.csproj", "{5764ED50-6E93-BC94-B180-3FE359B4ABC2}"
EndProject
Project("{FAE04EC0-301F-11D3-BF4B-00C04F79EFBC}") = "PhotonUnityNetworking.Utilities.Culling.Editor", "PhotonUnityNetworking.Utilities.Culling.Editor.csproj", "{8B13A699-C706-CEF4-4FA8-BD00BA527163}"
EndProject
Project("{FAE04EC0-301F-11D3-BF4B-00C04F79EFBC}") = "PunDemos.DemoHubEditor", "PunDemos.DemoHubEditor.csproj", "{3AB151A9-90EB-318B-90CB-993026D7BA08}"
EndProject
Global
	GlobalSection(SolutionConfigurationPlatforms) = preSolution
		Debug|Any CPU = Debug|Any CPU
		Release|Any CPU = Release|Any CPU
	EndGlobalSection
	GlobalSection(ProjectConfigurationPlatforms) = postSolution
		{DEA73A57-B96E-17EF-40E6-975EABBBF52D}.Debug|Any CPU.ActiveCfg = Debug|Any CPU
		{DEA73A57-B96E-17EF-40E6-975EABBBF52D}.Debug|Any CPU.Build.0 = Debug|Any CPU
		{DEA73A57-B96E-17EF-40E6-975EABBBF52D}.Release|Any CPU.ActiveCfg = Release|Any CPU
		{DEA73A57-B96E-17EF-40E6-975EABBBF52D}.Release|Any CPU.Build.0 = Release|Any CPU
		{47DBE31B-B1A1-D7E9-3615-BF94BDF902F0}.Debug|Any CPU.ActiveCfg = Debug|Any CPU
		{47DBE31B-B1A1-D7E9-3615-BF94BDF902F0}.Debug|Any CPU.Build.0 = Debug|Any CPU
		{47DBE31B-B1A1-D7E9-3615-BF94BDF902F0}.Release|Any CPU.ActiveCfg = Release|Any CPU
		{47DBE31B-B1A1-D7E9-3615-BF94BDF902F0}.Release|Any CPU.Build.0 = Release|Any CPU
		{36B4DFE7-F9CA-F594-EB01-55F9CEA9989C}.Debug|Any CPU.ActiveCfg = Debug|Any CPU
		{36B4DFE7-F9CA-F594-EB01-55F9CEA9989C}.Debug|Any CPU.Build.0 = Debug|Any CPU
		{36B4DFE7-F9CA-F594-EB01-55F9CEA9989C}.Release|Any CPU.ActiveCfg = Release|Any CPU
		{36B4DFE7-F9CA-F594-EB01-55F9CEA9989C}.Release|Any CPU.Build.0 = Release|Any CPU
		{D9563F83-4C08-8A39-654A-7D0DB1513C81}.Debug|Any CPU.ActiveCfg = Debug|Any CPU
		{D9563F83-4C08-8A39-654A-7D0DB1513C81}.Debug|Any CPU.Build.0 = Debug|Any CPU
		{D9563F83-4C08-8A39-654A-7D0DB1513C81}.Release|Any CPU.ActiveCfg = Release|Any CPU
		{D9563F83-4C08-8A39-654A-7D0DB1513C81}.Release|Any CPU.Build.0 = Release|Any CPU
		{C175810B-03C3-7A57-C84C-0F826F0772CF}.Debug|Any CPU.ActiveCfg = Debug|Any CPU
		{C175810B-03C3-7A57-C84C-0F826F0772CF}.Debug|Any CPU.Build.0 = Debug|Any CPU
		{C175810B-03C3-7A57-C84C-0F826F0772CF}.Release|Any CPU.ActiveCfg = Release|Any CPU
		{C175810B-03C3-7A57-C84C-0F826F0772CF}.Release|Any CPU.Build.0 = Release|Any CPU
		{19A995A8-B455-7DA6-31FB-3E4145DD2E1A}.Debug|Any CPU.ActiveCfg = Debug|Any CPU
		{19A995A8-B455-7DA6-31FB-3E4145DD2E1A}.Debug|Any CPU.Build.0 = Debug|Any CPU
		{19A995A8-B455-7DA6-31FB-3E4145DD2E1A}.Release|Any CPU.ActiveCfg = Release|Any CPU
		{19A995A8-B455-7DA6-31FB-3E4145DD2E1A}.Release|Any CPU.Build.0 = Release|Any CPU
		{3B78A50A-BBDD-E10E-4D84-991C62D81A21}.Debug|Any CPU.ActiveCfg = Debug|Any CPU
		{3B78A50A-BBDD-E10E-4D84-991C62D81A21}.Debug|Any CPU.Build.0 = Debug|Any CPU
		{3B78A50A-BBDD-E10E-4D84-991C62D81A21}.Release|Any CPU.ActiveCfg = Release|Any CPU
		{3B78A50A-BBDD-E10E-4D84-991C62D81A21}.Release|Any CPU.Build.0 = Release|Any CPU
		{7D10E135-F6E6-69FC-D035-F692A1005053}.Debug|Any CPU.ActiveCfg = Debug|Any CPU
		{7D10E135-F6E6-69FC-D035-F692A1005053}.Debug|Any CPU.Build.0 = Debug|Any CPU
		{7D10E135-F6E6-69FC-D035-F692A1005053}.Release|Any CPU.ActiveCfg = Release|Any CPU
		{7D10E135-F6E6-69FC-D035-F692A1005053}.Release|Any CPU.Build.0 = Release|Any CPU
		{5764ED50-6E93-BC94-B180-3FE359B4ABC2}.Debug|Any CPU.ActiveCfg = Debug|Any CPU
		{5764ED50-6E93-BC94-B180-3FE359B4ABC2}.Debug|Any CPU.Build.0 = Debug|Any CPU
		{5764ED50-6E93-BC94-B180-3FE359B4ABC2}.Release|Any CPU.ActiveCfg = Release|Any CPU
		{5764ED50-6E93-BC94-B180-3FE359B4ABC2}.Release|Any CPU.Build.0 = Release|Any CPU
		{8B13A699-C706-CEF4-4FA8-BD00BA527163}.Debug|Any CPU.ActiveCfg = Debug|Any CPU
		{8B13A699-C706-CEF4-4FA8-BD00BA527163}.Debug|Any CPU.Build.0 = Debug|Any CPU
		{8B13A699-C706-CEF4-4FA8-BD00BA527163}.Release|Any CPU.ActiveCfg = Release|Any CPU
		{8B13A699-C706-CEF4-4FA8-BD00BA527163}.Release|Any CPU.Build.0 = Release|Any CPU
		{3AB151A9-90EB-318B-90CB-993026D7BA08}.Debug|Any CPU.ActiveCfg = Debug|Any CPU
		{3AB151A9-90EB-318B-90CB-993026D7BA08}.Debug|Any CPU.Build.0 = Debug|Any CPU
		{3AB151A9-90EB-318B-90CB-993026D7BA08}.Release|Any CPU.ActiveCfg = Release|Any CPU
		{3AB151A9-90EB-318B-90CB-993026D7BA08}.Release|Any CPU.Build.0 = Release|Any CPU
	EndGlobalSection
	GlobalSection(SolutionProperties) = preSolution
		HideSolutionNode = FALSE
	EndGlobalSection
EndGlobal
